
Microsoft Visual Studio Solution File, Format Version 12.00
# Visual Studio Version 16
VisualStudioVersion = 16.0.30406.217
MinimumVisualStudioVersion = 10.0.40219.1
Project("{8BC9CEB8-8B4A-11D0-8D11-00A0C91BC942}") = "connect 4 gh", "connect 4 gh\connect 4 gh.vcxproj", "{2927274B-B383-4935-B639-E8D7362EE00B}"
EndProject
Global
	GlobalSection(SolutionConfigurationPlatforms) = preSolution
		Debug|x64 = Debug|x64
		Debug|x86 = Debug|x86
		Release|x64 = Release|x64
		Release|x86 = Release|x86
	EndGlobalSection
	GlobalSection(ProjectConfigurationPlatforms) = postSolution
		{2927274B-B383-4935-B639-E8D7362EE00B}.Debug|x64.ActiveCfg = Debug|x64
		{2927274B-B383-4935-B639-E8D7362EE00B}.Debug|x64.Build.0 = Debug|x64
		{2927274B-B383-4935-B639-E8D7362EE00B}.Debug|x86.ActiveCfg = Debug|Win32
		{2927274B-B383-4935-B639-E8D7362EE00B}.Debug|x86.Build.0 = Debug|Win32
		{2927274B-B383-4935-B639-E8D7362EE00B}.Release|x64.ActiveCfg = Release|x64
		{2927274B-B383-4935-B639-E8D7362EE00B}.Release|x64.Build.0 = Release|x64
		{2927274B-B383-4935-B639-E8D7362EE00B}.Release|x86.ActiveCfg = Release|Win32
		{2927274B-B383-4935-B639-E8D7362EE00B}.Release|x86.Build.0 = Release|Win32
	EndGlobalSection
	GlobalSection(SolutionProperties) = preSolution
		HideSolutionNode = FALSE
	EndGlobalSection
	GlobalSection(ExtensibilityGlobals) = postSolution
		SolutionGuid = {2641DFD2-2440-41C5-9DF0-80FA2AFE9BA7}
	EndGlobalSection
EndGlobal
